
Microsoft Visual Studio Solution File, Format Version 12.00
# Visual Studio 15
Project("{FAE04EC0-301F-11D3-BF4B-00C04F79EFBC}") = "RuntimeTransformHandle", "RuntimeTransformHandle.csproj", "{CD302732-F780-41C2-03B7-1EE503A5425D}"
EndProject
Project("{FAE04EC0-301F-11D3-BF4B-00C04F79EFBC}") = "Assembly-CSharp", "Assembly-CSharp.csproj", "{7A0E392E-3D9A-D451-2C06-C415AAEE4B6B}"
EndProject
Global
	GlobalSection(SolutionConfigurationPlatforms) = preSolution
		Debug|Any CPU = Debug|Any CPU
		Release|Any CPU = Release|Any CPU
	EndGlobalSection
	GlobalSection(ProjectConfigurationPlatforms) = postSolution
		{CD302732-F780-41C2-03B7-1EE503A5425D}.Debug|Any CPU.ActiveCfg = Debug|Any CPU
		{CD302732-F780-41C2-03B7-1EE503A5425D}.Debug|Any CPU.Build.0 = Debug|Any CPU
		{CD302732-F780-41C2-03B7-1EE503A5425D}.Release|Any CPU.ActiveCfg = Release|Any CPU
		{CD302732-F780-41C2-03B7-1EE503A5425D}.Release|Any CPU.Build.0 = Release|Any CPU
		{7A0E392E-3D9A-D451-2C06-C415AAEE4B6B}.Debug|Any CPU.ActiveCfg = Debug|Any CPU
		{7A0E392E-3D9A-D451-2C06-C415AAEE4B6B}.Debug|Any CPU.Build.0 = Debug|Any CPU
		{7A0E392E-3D9A-D451-2C06-C415AAEE4B6B}.Release|Any CPU.ActiveCfg = Release|Any CPU
		{7A0E392E-3D9A-D451-2C06-C415AAEE4B6B}.Release|Any CPU.Build.0 = Release|Any CPU
	EndGlobalSection
	GlobalSection(SolutionProperties) = preSolution
		HideSolutionNode = FALSE
	EndGlobalSection
EndGlobal
